// !$*UTF8*$!
{
	archiveVersion = 1;
	classes = {
	};
	objectVersion = 50;
	objects = {

/* Begin PBXBuildFile section */
		36AAD72627018438005635E0 /* AppDelegate.swift in Sources */ = {isa = PBXBuildFile; fileRef = 36AAD72527018438005635E0 /* AppDelegate.swift */; };
		36AAD72827018438005635E0 /* SceneDelegate.swift in Sources */ = {isa = PBXBuildFile; fileRef = 36AAD72727018438005635E0 /* SceneDelegate.swift */; };
		36AAD72A27018438005635E0 /* ViewController.swift in Sources */ = {isa = PBXBuildFile; fileRef = 36AAD72927018438005635E0 /* ViewController.swift */; };
		36AAD72D27018438005635E0 /* Main.storyboard in Resources */ = {isa = PBXBuildFile; fileRef = 36AAD72B27018438005635E0 /* Main.storyboard */; };
		36AAD73027018438005635E0 /* CICD.xcdatamodeld in Sources */ = {isa = PBXBuildFile; fileRef = 36AAD72E27018438005635E0 /* CICD.xcdatamodeld */; };
		36AAD7322701843A005635E0 /* Assets.xcassets in Resources */ = {isa = PBXBuildFile; fileRef = 36AAD7312701843A005635E0 /* Assets.xcassets */; };
		36AAD7352701843A005635E0 /* LaunchScreen.storyboard in Resources */ = {isa = PBXBuildFile; fileRef = 36AAD7332701843A005635E0 /* LaunchScreen.storyboard */; };
		36AAD7402701843B005635E0 /* CICDTests.swift in Sources */ = {isa = PBXBuildFile; fileRef = 36AAD73F2701843B005635E0 /* CICDTests.swift */; };
		36AAD74B2701843B005635E0 /* CICDUITests.swift in Sources */ = {isa = PBXBuildFile; fileRef = 36AAD74A2701843B005635E0 /* CICDUITests.swift */; };
/* End PBXBuildFile section */

/* Begin PBXContainerItemProxy section */
		36AAD73C2701843B005635E0 /* PBXContainerItemProxy */ = {
			isa = PBXContainerItemProxy;
			containerPortal = 36AAD71A27018438005635E0 /* Project object */;
			proxyType = 1;
			remoteGlobalIDString = 36AAD72127018438005635E0;
			remoteInfo = CICD;
		};
		36AAD7472701843B005635E0 /* PBXContainerItemProxy */ = {
			isa = PBXContainerItemProxy;
			containerPortal = 36AAD71A27018438005635E0 /* Project object */;
			proxyType = 1;
			remoteGlobalIDString = 36AAD72127018438005635E0;
			remoteInfo = CICD;
		};
/* End PBXContainerItemProxy section */

/* Begin PBXFileReference section */
		36AAD72227018438005635E0 /* CICD.app */ = {isa = PBXFileReference; explicitFileType = wrapper.application; includeInIndex = 0; path = CICD.app; sourceTree = BUILT_PRODUCTS_DIR; };
		36AAD72527018438005635E0 /* AppDelegate.swift */ = {isa = PBXFileReference; lastKnownFileType = sourcecode.swift; path = AppDelegate.swift; sourceTree = "<group>"; };
		36AAD72727018438005635E0 /* SceneDelegate.swift */ = {isa = PBXFileReference; lastKnownFileType = sourcecode.swift; path = SceneDelegate.swift; sourceTree = "<group>"; };
		36AAD72927018438005635E0 /* ViewController.swift */ = {isa = PBXFileReference; lastKnownFileType = sourcecode.swift; path = ViewController.swift; sourceTree = "<group>"; };
		36AAD72C27018438005635E0 /* Base */ = {isa = PBXFileReference; lastKnownFileType = file.storyboard; name = Base; path = Base.lproj/Main.storyboard; sourceTree = "<group>"; };
		36AAD72F27018438005635E0 /* CICD.xcdatamodel */ = {isa = PBXFileReference; lastKnownFileType = wrapper.xcdatamodel; path = CICD.xcdatamodel; sourceTree = "<group>"; };
		36AAD7312701843A005635E0 /* Assets.xcassets */ = {isa = PBXFileReference; lastKnownFileType = folder.assetcatalog; path = Assets.xcassets; sourceTree = "<group>"; };
		36AAD7342701843A005635E0 /* Base */ = {isa = PBXFileReference; lastKnownFileType = file.storyboard; name = Base; path = Base.lproj/LaunchScreen.storyboard; sourceTree = "<group>"; };
		36AAD7362701843A005635E0 /* Info.plist */ = {isa = PBXFileReference; lastKnownFileType = text.plist.xml; path = Info.plist; sourceTree = "<group>"; };
		36AAD73B2701843B005635E0 /* CICDTests.xctest */ = {isa = PBXFileReference; explicitFileType = wrapper.cfbundle; includeInIndex = 0; path = CICDTests.xctest; sourceTree = BUILT_PRODUCTS_DIR; };
		36AAD73F2701843B005635E0 /* CICDTests.swift */ = {isa = PBXFileReference; lastKnownFileType = sourcecode.swift; path = CICDTests.swift; sourceTree = "<group>"; };
		36AAD7412701843B005635E0 /* Info.plist */ = {isa = PBXFileReference; lastKnownFileType = text.plist.xml; path = Info.plist; sourceTree = "<group>"; };
		36AAD7462701843B005635E0 /* CICDUITests.xctest */ = {isa = PBXFileReference; explicitFileType = wrapper.cfbundle; includeInIndex = 0; path = CICDUITests.xctest; sourceTree = BUILT_PRODUCTS_DIR; };
		36AAD74A2701843B005635E0 /* CICDUITests.swift */ = {isa = PBXFileReference; lastKnownFileType = sourcecode.swift; path = CICDUITests.swift; sourceTree = "<group>"; };
		36AAD74C2701843B005635E0 /* Info.plist */ = {isa = PBXFileReference; lastKnownFileType = text.plist.xml; path = Info.plist; sourceTree = "<group>"; };
/* End PBXFileReference section */

/* Begin PBXFrameworksBuildPhase section */
		36AAD71F27018438005635E0 /* Frameworks */ = {
			isa = PBXFrameworksBuildPhase;
			buildActionMask = 2147483647;
			files = (
			);
			runOnlyForDeploymentPostprocessing = 0;
		};
		36AAD7382701843B005635E0 /* Frameworks */ = {
			isa = PBXFrameworksBuildPhase;
			buildActionMask = 2147483647;
			files = (
			);
			runOnlyForDeploymentPostprocessing = 0;
		};
		36AAD7432701843B005635E0 /* Frameworks */ = {
			isa = PBXFrameworksBuildPhase;
			buildActionMask = 2147483647;
			files = (
			);
			runOnlyForDeploymentPostprocessing = 0;
		};
/* End PBXFrameworksBuildPhase section */

/* Begin PBXGroup section */
		36AAD71927018438005635E0 = {
			isa = PBXGroup;
			children = (
				36AAD72427018438005635E0 /* CICD */,
				36AAD73E2701843B005635E0 /* CICDTests */,
				36AAD7492701843B005635E0 /* CICDUITests */,
				36AAD72327018438005635E0 /* Products */,
			);
			sourceTree = "<group>";
		};
		36AAD72327018438005635E0 /* Products */ = {
			isa = PBXGroup;
			children = (
				36AAD72227018438005635E0 /* CICD.app */,
				36AAD73B2701843B005635E0 /* CICDTests.xctest */,
				36AAD7462701843B005635E0 /* CICDUITests.xctest */,
			);
			name = Products;
			sourceTree = "<group>";
		};
		36AAD72427018438005635E0 /* CICD */ = {
			isa = PBXGroup;
			children = (
				36AAD72527018438005635E0 /* AppDelegate.swift */,
				36AAD72727018438005635E0 /* SceneDelegate.swift */,
				36AAD72927018438005635E0 /* ViewController.swift */,
				36AAD72B27018438005635E0 /* Main.storyboard */,
				36AAD7312701843A005635E0 /* Assets.xcassets */,
				36AAD7332701843A005635E0 /* LaunchScreen.storyboard */,
				36AAD7362701843A005635E0 /* Info.plist */,
				36AAD72E27018438005635E0 /* CICD.xcdatamodeld */,
			);
			path = CICD;
			sourceTree = "<group>";
		};
		36AAD73E2701843B005635E0 /* CICDTests */ = {
			isa = PBXGroup;
			children = (
				36AAD73F2701843B005635E0 /* CICDTests.swift */,
				36AAD7412701843B005635E0 /* Info.plist */,
			);
			path = CICDTests;
			sourceTree = "<group>";
		};
		36AAD7492701843B005635E0 /* CICDUITests */ = {
			isa = PBXGroup;
			children = (
				36AAD74A2701843B005635E0 /* CICDUITests.swift */,
				36AAD74C2701843B005635E0 /* Info.plist */,
			);
			path = CICDUITests;
			sourceTree = "<group>";
		};
/* End PBXGroup section */

/* Begin PBXNativeTarget section */
		36AAD72127018438005635E0 /* CICD */ = {
			isa = PBXNativeTarget;
			buildConfigurationList = 36AAD74F2701843B005635E0 /* Build configuration list for PBXNativeTarget "CICD" */;
			buildPhases = (
				36AAD71E27018438005635E0 /* Sources */,
				36AAD71F27018438005635E0 /* Frameworks */,
				36AAD72027018438005635E0 /* Resources */,
			);
			buildRules = (
			);
			dependencies = (
			);
			name = CICD;
			productName = CICD;
			productReference = 36AAD72227018438005635E0 /* CICD.app */;
			productType = "com.apple.product-type.application";
		};
		36AAD73A2701843B005635E0 /* CICDTests */ = {
			isa = PBXNativeTarget;
			buildConfigurationList = 36AAD7522701843B005635E0 /* Build configuration list for PBXNativeTarget "CICDTests" */;
			buildPhases = (
				36AAD7372701843B005635E0 /* Sources */,
				36AAD7382701843B005635E0 /* Frameworks */,
				36AAD7392701843B005635E0 /* Resources */,
			);
			buildRules = (
			);
			dependencies = (
				36AAD73D2701843B005635E0 /* PBXTargetDependency */,
			);
			name = CICDTests;
			productName = CICDTests;
			productReference = 36AAD73B2701843B005635E0 /* CICDTests.xctest */;
			productType = "com.apple.product-type.bundle.unit-test";
		};
		36AAD7452701843B005635E0 /* CICDUITests */ = {
			isa = PBXNativeTarget;
			buildConfigurationList = 36AAD7552701843B005635E0 /* Build configuration list for PBXNativeTarget "CICDUITests" */;
			buildPhases = (
				36AAD7422701843B005635E0 /* Sources */,
				36AAD7432701843B005635E0 /* Frameworks */,
				36AAD7442701843B005635E0 /* Resources */,
			);
			buildRules = (
			);
			dependencies = (
				36AAD7482701843B005635E0 /* PBXTargetDependency */,
			);
			name = CICDUITests;
			productName = CICDUITests;
			productReference = 36AAD7462701843B005635E0 /* CICDUITests.xctest */;
			productType = "com.apple.product-type.bundle.ui-testing";
		};
/* End PBXNativeTarget section */

/* Begin PBXProject section */
		36AAD71A27018438005635E0 /* Project object */ = {
			isa = PBXProject;
			attributes = {
				LastSwiftUpdateCheck = 1250;
				LastUpgradeCheck = 1250;
				TargetAttributes = {
					36AAD72127018438005635E0 = {
						CreatedOnToolsVersion = 12.5.1;
					};
					36AAD73A2701843B005635E0 = {
						CreatedOnToolsVersion = 12.5.1;
						TestTargetID = 36AAD72127018438005635E0;
					};
					36AAD7452701843B005635E0 = {
						CreatedOnToolsVersion = 12.5.1;
						TestTargetID = 36AAD72127018438005635E0;
					};
				};
			};
			buildConfigurationList = 36AAD71D27018438005635E0 /* Build configuration list for PBXProject "CICD" */;
			compatibilityVersion = "Xcode 9.3";
			developmentRegion = en;
			hasScannedForEncodings = 0;
			knownRegions = (
				en,
				Base,
			);
			mainGroup = 36AAD71927018438005635E0;
			productRefGroup = 36AAD72327018438005635E0 /* Products */;
			projectDirPath = "";
			projectRoot = "";
			targets = (
				36AAD72127018438005635E0 /* CICD */,
				36AAD73A2701843B005635E0 /* CICDTests */,
				36AAD7452701843B005635E0 /* CICDUITests */,
			);
		};
/* End PBXProject section */

/* Begin PBXResourcesBuildPhase section */
		36AAD72027018438005635E0 /* Resources */ = {
			isa = PBXResourcesBuildPhase;
			buildActionMask = 2147483647;
			files = (
				36AAD7352701843A005635E0 /* LaunchScreen.storyboard in Resources */,
				36AAD7322701843A005635E0 /* Assets.xcassets in Resources */,
				36AAD72D27018438005635E0 /* Main.storyboard in Resources */,
			);
			runOnlyForDeploymentPostprocessing = 0;
		};
		36AAD7392701843B005635E0 /* Resources */ = {
			isa = PBXResourcesBuildPhase;
			buildActionMask = 2147483647;
			files = (
			);
			runOnlyForDeploymentPostprocessing = 0;
		};
		36AAD7442701843B005635E0 /* Resources */ = {
			isa = PBXResourcesBuildPhase;
			buildActionMask = 2147483647;
			files = (
			);
			runOnlyForDeploymentPostprocessing = 0;
		};
/* End PBXResourcesBuildPhase section */

/* Begin PBXSourcesBuildPhase section */
		36AAD71E27018438005635E0 /* Sources */ = {
			isa = PBXSourcesBuildPhase;
			buildActionMask = 2147483647;
			files = (
				36AAD73027018438005635E0 /* CICD.xcdatamodeld in Sources */,
				36AAD72A27018438005635E0 /* ViewController.swift in Sources */,
				36AAD72627018438005635E0 /* AppDelegate.swift in Sources */,
				36AAD72827018438005635E0 /* SceneDelegate.swift in Sources */,
			);
			runOnlyForDeploymentPostprocessing = 0;
		};
		36AAD7372701843B005635E0 /* Sources */ = {
			isa = PBXSourcesBuildPhase;
			buildActionMask = 2147483647;
			files = (
				36AAD7402701843B005635E0 /* CICDTests.swift in Sources */,
			);
			runOnlyForDeploymentPostprocessing = 0;
		};
		36AAD7422701843B005635E0 /* Sources */ = {
			isa = PBXSourcesBuildPhase;
			buildActionMask = 2147483647;
			files = (
				36AAD74B2701843B005635E0 /* CICDUITests.swift in Sources */,
			);
			runOnlyForDeploymentPostprocessing = 0;
		};
/* End PBXSourcesBuildPhase section */

/* Begin PBXTargetDependency section */
		36AAD73D2701843B005635E0 /* PBXTargetDependency */ = {
			isa = PBXTargetDependency;
			target = 36AAD72127018438005635E0 /* CICD */;
			targetProxy = 36AAD73C2701843B005635E0 /* PBXContainerItemProxy */;
		};
		36AAD7482701843B005635E0 /* PBXTargetDependency */ = {
			isa = PBXTargetDependency;
			target = 36AAD72127018438005635E0 /* CICD */;
			targetProxy = 36AAD7472701843B005635E0 /* PBXContainerItemProxy */;
		};
/* End PBXTargetDependency section */

/* Begin PBXVariantGroup section */
		36AAD72B27018438005635E0 /* Main.storyboard */ = {
			isa = PBXVariantGroup;
			children = (
				36AAD72C27018438005635E0 /* Base */,
			);
			name = Main.storyboard;
			sourceTree = "<group>";
		};
		36AAD7332701843A005635E0 /* LaunchScreen.storyboard */ = {
			isa = PBXVariantGroup;
			children = (
				36AAD7342701843A005635E0 /* Base */,
			);
			name = LaunchScreen.storyboard;
			sourceTree = "<group>";
		};
/* End PBXVariantGroup section */

/* Begin XCBuildConfiguration section */
		36AAD74D2701843B005635E0 /* Debug */ = {
			isa = XCBuildConfiguration;
			buildSettings = {
				ALWAYS_SEARCH_USER_PATHS = NO;
				CLANG_ANALYZER_NONNULL = YES;
				CLANG_ANALYZER_NUMBER_OBJECT_CONVERSION = YES_AGGRESSIVE;
				CLANG_CXX_LANGUAGE_STANDARD = "gnu++14";
				CLANG_CXX_LIBRARY = "libc++";
				CLANG_ENABLE_MODULES = YES;
				CLANG_ENABLE_OBJC_ARC = YES;
				CLANG_ENABLE_OBJC_WEAK = YES;
				CLANG_WARN_BLOCK_CAPTURE_AUTORELEASING = YES;
				CLANG_WARN_BOOL_CONVERSION = YES;
				CLANG_WARN_COMMA = YES;
				CLANG_WARN_CONSTANT_CONVERSION = YES;
				CLANG_WARN_DEPRECATED_OBJC_IMPLEMENTATIONS = YES;
				CLANG_WARN_DIRECT_OBJC_ISA_USAGE = YES_ERROR;
				CLANG_WARN_DOCUMENTATION_COMMENTS = YES;
				CLANG_WARN_EMPTY_BODY = YES;
				CLANG_WARN_ENUM_CONVERSION = YES;
				CLANG_WARN_INFINITE_RECURSION = YES;
				CLANG_WARN_INT_CONVERSION = YES;
				CLANG_WARN_NON_LITERAL_NULL_CONVERSION = YES;
				CLANG_WARN_OBJC_IMPLICIT_RETAIN_SELF = YES;
				CLANG_WARN_OBJC_LITERAL_CONVERSION = YES;
				CLANG_WARN_OBJC_ROOT_CLASS = YES_ERROR;
				CLANG_WARN_QUOTED_INCLUDE_IN_FRAMEWORK_HEADER = YES;
				CLANG_WARN_RANGE_LOOP_ANALYSIS = YES;
				CLANG_WARN_STRICT_PROTOTYPES = YES;
				CLANG_WARN_SUSPICIOUS_MOVE = YES;
				CLANG_WARN_UNGUARDED_AVAILABILITY = YES_AGGRESSIVE;
				CLANG_WARN_UNREACHABLE_CODE = YES;
				CLANG_WARN__DUPLICATE_METHOD_MATCH = YES;
				COPY_PHASE_STRIP = NO;
				DEBUG_INFORMATION_FORMAT = dwarf;
				ENABLE_STRICT_OBJC_MSGSEND = YES;
				ENABLE_TESTABILITY = YES;
				GCC_C_LANGUAGE_STANDARD = gnu11;
				GCC_DYNAMIC_NO_PIC = NO;
				GCC_NO_COMMON_BLOCKS = YES;
				GCC_OPTIMIZATION_LEVEL = 0;
				GCC_PREPROCESSOR_DEFINITIONS = (
					"DEBUG=1",
					"$(inherited)",
				);
				GCC_WARN_64_TO_32_BIT_CONVERSION = YES;
				GCC_WARN_ABOUT_RETURN_TYPE = YES_ERROR;
				GCC_WARN_UNDECLARED_SELECTOR = YES;
				GCC_WARN_UNINITIALIZED_AUTOS = YES_AGGRESSIVE;
				GCC_WARN_UNUSED_FUNCTION = YES;
				GCC_WARN_UNUSED_VARIABLE = YES;
				IPHONEOS_DEPLOYMENT_TARGET = 14.5;
				MTL_ENABLE_DEBUG_INFO = INCLUDE_SOURCE;
				MTL_FAST_MATH = YES;
				ONLY_ACTIVE_ARCH = YES;
				SDKROOT = iphoneos;
				SWIFT_ACTIVE_COMPILATION_CONDITIONS = DEBUG;
				SWIFT_OPTIMIZATION_LEVEL = "-Onone";
			};
			name = Debug;
		};
		36AAD74E2701843B005635E0 /* Release */ = {
			isa = XCBuildConfiguration;
			buildSettings = {
				ALWAYS_SEARCH_USER_PATHS = NO;
				CLANG_ANALYZER_NONNULL = YES;
				CLANG_ANALYZER_NUMBER_OBJECT_CONVERSION = YES_AGGRESSIVE;
				CLANG_CXX_LANGUAGE_STANDARD = "gnu++14";
				CLANG_CXX_LIBRARY = "libc++";
				CLANG_ENABLE_MODULES = YES;
				CLANG_ENABLE_OBJC_ARC = YES;
				CLANG_ENABLE_OBJC_WEAK = YES;
				CLANG_WARN_BLOCK_CAPTURE_AUTORELEASING = YES;
				CLANG_WARN_BOOL_CONVERSION = YES;
				CLANG_WARN_COMMA = YES;
				CLANG_WARN_CONSTANT_CONVERSION = YES;
				CLANG_WARN_DEPRECATED_OBJC_IMPLEMENTATIONS = YES;
				CLANG_WARN_DIRECT_OBJC_ISA_USAGE = YES_ERROR;
				CLANG_WARN_DOCUMENTATION_COMMENTS = YES;
				CLANG_WARN_EMPTY_BODY = YES;
				CLANG_WARN_ENUM_CONVERSION = YES;
				CLANG_WARN_INFINITE_RECURSION = YES;
				CLANG_WARN_INT_CONVERSION = YES;
				CLANG_WARN_NON_LITERAL_NULL_CONVERSION = YES;
				CLANG_WARN_OBJC_IMPLICIT_RETAIN_SELF = YES;
				CLANG_WARN_OBJC_LITERAL_CONVERSION = YES;
				CLANG_WARN_OBJC_ROOT_CLASS = YES_ERROR;
				CLANG_WARN_QUOTED_INCLUDE_IN_FRAMEWORK_HEADER = YES;
				CLANG_WARN_RANGE_LOOP_ANALYSIS = YES;
				CLANG_WARN_STRICT_PROTOTYPES = YES;
				CLANG_WARN_SUSPICIOUS_MOVE = YES;
				CLANG_WARN_UNGUARDED_AVAILABILITY = YES_AGGRESSIVE;
				CLANG_WARN_UNREACHABLE_CODE = YES;
				CLANG_WARN__DUPLICATE_METHOD_MATCH = YES;
				COPY_PHASE_STRIP = NO;
				DEBUG_INFORMATION_FORMAT = "dwarf-with-dsym";
				ENABLE_NS_ASSERTIONS = NO;
				ENABLE_STRICT_OBJC_MSGSEND = YES;
				GCC_C_LANGUAGE_STANDARD = gnu11;
				GCC_NO_COMMON_BLOCKS = YES;
				GCC_WARN_64_TO_32_BIT_CONVERSION = YES;
				GCC_WARN_ABOUT_RETURN_TYPE = YES_ERROR;
				GCC_WARN_UNDECLARED_SELECTOR = YES;
				GCC_WARN_UNINITIALIZED_AUTOS = YES_AGGRESSIVE;
				GCC_WARN_UNUSED_FUNCTION = YES;
				GCC_WARN_UNUSED_VARIABLE = YES;
				IPHONEOS_DEPLOYMENT_TARGET = 14.5;
				MTL_ENABLE_DEBUG_INFO = NO;
				MTL_FAST_MATH = YES;
				SDKROOT = iphoneos;
				SWIFT_COMPILATION_MODE = wholemodule;
				SWIFT_OPTIMIZATION_LEVEL = "-O";
				VALIDATE_PRODUCT = YES;
			};
			name = Release;
		};
		36AAD7502701843B005635E0 /* Debug */ = {
			isa = XCBuildConfiguration;
			buildSettings = {
				ASSETCATALOG_COMPILER_APPICON_NAME = AppIcon;
				ASSETCATALOG_COMPILER_GLOBAL_ACCENT_COLOR_NAME = AccentColor;
				CODE_SIGN_STYLE = Automatic;
				INFOPLIST_FILE = CICD/Info.plist;
				LD_RUNPATH_SEARCH_PATHS = (
					"$(inherited)",
					"@executable_path/Frameworks",
				);
				PRODUCT_BUNDLE_IDENTIFIER = asd.CICD;
				PRODUCT_NAME = "$(TARGET_NAME)";
				SWIFT_VERSION = 5.0;
				TARGETED_DEVICE_FAMILY = "1,2";
			};
			name = Debug;
		};
		36AAD7512701843B005635E0 /* Release */ = {
			isa = XCBuildConfiguration;
			buildSettings = {
				ASSETCATALOG_COMPILER_APPICON_NAME = AppIcon;
				ASSETCATALOG_COMPILER_GLOBAL_ACCENT_COLOR_NAME = AccentColor;
				CODE_SIGN_STYLE = Automatic;
				INFOPLIST_FILE = CICD/Info.plist;
				LD_RUNPATH_SEARCH_PATHS = (
					"$(inherited)",
					"@executable_path/Frameworks",
				);
				PRODUCT_BUNDLE_IDENTIFIER = asd.CICD;
				PRODUCT_NAME = "$(TARGET_NAME)";
				SWIFT_VERSION = 5.0;
				TARGETED_DEVICE_FAMILY = "1,2";
			};
			name = Release;
		};
		36AAD7532701843B005635E0 /* Debug */ = {
			isa = XCBuildConfiguration;
			buildSettings = {
				ALWAYS_EMBED_SWIFT_STANDARD_LIBRARIES = YES;
				BUNDLE_LOADER = "$(TEST_HOST)";
				CODE_SIGN_STYLE = Automatic;
				INFOPLIST_FILE = CICDTests/Info.plist;
				IPHONEOS_DEPLOYMENT_TARGET = 14.5;
				LD_RUNPATH_SEARCH_PATHS = (
					"$(inherited)",
					"@executable_path/Frameworks",
					"@loader_path/Frameworks",
				);
				PRODUCT_BUNDLE_IDENTIFIER = asd.CICDTests;
				PRODUCT_NAME = "$(TARGET_NAME)";
				SWIFT_VERSION = 5.0;
				TARGETED_DEVICE_FAMILY = "1,2";
				TEST_HOST = "$(BUILT_PRODUCTS_DIR)/CICD.app/CICD";
			};
			name = Debug;
		};
		36AAD7542701843B005635E0 /* Release */ = {
			isa = XCBuildConfiguration;
			buildSettings = {
				ALWAYS_EMBED_SWIFT_STANDARD_LIBRARIES = YES;
				BUNDLE_LOADER = "$(TEST_HOST)";
				CODE_SIGN_STYLE = Automatic;
				INFOPLIST_FILE = CICDTests/Info.plist;
				IPHONEOS_DEPLOYMENT_TARGET = 14.5;
				LD_RUNPATH_SEARCH_PATHS = (
					"$(inherited)",
					"@executable_path/Frameworks",
					"@loader_path/Frameworks",
				);
				PRODUCT_BUNDLE_IDENTIFIER = asd.CICDTests;
				PRODUCT_NAME = "$(TARGET_NAME)";
				SWIFT_VERSION = 5.0;
				TARGETED_DEVICE_FAMILY = "1,2";
				TEST_HOST = "$(BUILT_PRODUCTS_DIR)/CICD.app/CICD";
			};
			name = Release;
		};
		36AAD7562701843B005635E0 /* Debug */ = {
			isa = XCBuildConfiguration;
			buildSettings = {
				ALWAYS_EMBED_SWIFT_STANDARD_LIBRARIES = YES;
				CODE_SIGN_STYLE = Automatic;
				INFOPLIST_FILE = CICDUITests/Info.plist;
				LD_RUNPATH_SEARCH_PATHS = (
					"$(inherited)",
					"@executable_path/Frameworks",
					"@loader_path/Frameworks",
				);
				PRODUCT_BUNDLE_IDENTIFIER = asd.CICDUITests;
				PRODUCT_NAME = "$(TARGET_NAME)";
				SWIFT_VERSION = 5.0;
				TARGETED_DEVICE_FAMILY = "1,2";
				TEST_TARGET_NAME = CICD;
			};
			name = Debug;
		};
		36AAD7572701843B005635E0 /* Release */ = {
			isa = XCBuildConfiguration;
			buildSettings = {
				ALWAYS_EMBED_SWIFT_STANDARD_LIBRARIES = YES;
				CODE_SIGN_STYLE = Automatic;
				INFOPLIST_FILE = CICDUITests/Info.plist;
				LD_RUNPATH_SEARCH_PATHS = (
					"$(inherited)",
					"@executable_path/Frameworks",
					"@loader_path/Frameworks",
				);
				PRODUCT_BUNDLE_IDENTIFIER = asd.CICDUITests;
				PRODUCT_NAME = "$(TARGET_NAME)";
				SWIFT_VERSION = 5.0;
				TARGETED_DEVICE_FAMILY = "1,2";
				TEST_TARGET_NAME = CICD;
			};
			name = Release;
		};
/* End XCBuildConfiguration section */

/* Begin XCConfigurationList section */
		36AAD71D27018438005635E0 /* Build configuration list for PBXProject "CICD" */ = {
			isa = XCConfigurationList;
			buildConfigurations = (
				36AAD74D2701843B005635E0 /* Debug */,
				36AAD74E2701843B005635E0 /* Release */,
			);
			defaultConfigurationIsVisible = 0;
			defaultConfigurationName = Release;
		};
		36AAD74F2701843B005635E0 /* Build configuration list for PBXNativeTarget "CICD" */ = {
			isa = XCConfigurationList;
			buildConfigurations = (
				36AAD7502701843B005635E0 /* Debug */,
				36AAD7512701843B005635E0 /* Release */,
			);
			defaultConfigurationIsVisible = 0;
			defaultConfigurationName = Release;
		};
		36AAD7522701843B005635E0 /* Build configuration list for PBXNativeTarget "CICDTests" */ = {
			isa = XCConfigurationList;
			buildConfigurations = (
				36AAD7532701843B005635E0 /* Debug */,
				36AAD7542701843B005635E0 /* Release */,
			);
			defaultConfigurationIsVisible = 0;
			defaultConfigurationName = Release;
		};
		36AAD7552701843B005635E0 /* Build configuration list for PBXNativeTarget "CICDUITests" */ = {
			isa = XCConfigurationList;
			buildConfigurations = (
				36AAD7562701843B005635E0 /* Debug */,
				36AAD7572701843B005635E0 /* Release */,
			);
			defaultConfigurationIsVisible = 0;
			defaultConfigurationName = Release;
		};
/* End XCConfigurationList section */

/* Begin XCVersionGroup section */
		36AAD72E27018438005635E0 /* CICD.xcdatamodeld */ = {
			isa = XCVersionGroup;
			children = (
				36AAD72F27018438005635E0 /* CICD.xcdatamodel */,
			);
			currentVersion = 36AAD72F27018438005635E0 /* CICD.xcdatamodel */;
			path = CICD.xcdatamodeld;
			sourceTree = "<group>";
			versionGroupType = wrapper.xcdatamodel;
		};
/* End XCVersionGroup section */
	};
	rootObject = 36AAD71A27018438005635E0 /* Project object */;
}
